// !$*UTF8*$!
{
	archiveVersion = 1;
	classes = {
	};
	objectVersion = 46;
	objects = {

/* Begin PBXBuildFile section */
		B6D561371A0A9AA4000976B9 /* AppDelegate.swift in Sources */ = {isa = PBXBuildFile; fileRef = B6D561361A0A9AA4000976B9 /* AppDelegate.swift */; };
		B6D561391A0A9AA4000976B9 /* GameScene.sks in Resources */ = {isa = PBXBuildFile; fileRef = B6D561381A0A9AA4000976B9 /* GameScene.sks */; };
		B6D5613B1A0A9AA4000976B9 /* GameScene.swift in Sources */ = {isa = PBXBuildFile; fileRef = B6D5613A1A0A9AA4000976B9 /* GameScene.swift */; };
		B6D5613D1A0A9AA4000976B9 /* GameViewController.swift in Sources */ = {isa = PBXBuildFile; fileRef = B6D5613C1A0A9AA4000976B9 /* GameViewController.swift */; };
		B6D561401A0A9AA4000976B9 /* Main.storyboard in Resources */ = {isa = PBXBuildFile; fileRef = B6D5613E1A0A9AA4000976B9 /* Main.storyboard */; };
		B6D561421A0A9AA4000976B9 /* Images.xcassets in Resources */ = {isa = PBXBuildFile; fileRef = B6D561411A0A9AA4000976B9 /* Images.xcassets */; };
		B6D561451A0A9AA4000976B9 /* LaunchScreen.xib in Resources */ = {isa = PBXBuildFile; fileRef = B6D561431A0A9AA4000976B9 /* LaunchScreen.xib */; };
		B6D561511A0A9AA4000976B9 /* SwiftrisTests.swift in Sources */ = {isa = PBXBuildFile; fileRef = B6D561501A0A9AA4000976B9 /* SwiftrisTests.swift */; };
/* End PBXBuildFile section */

/* Begin PBXContainerItemProxy section */
		B6D5614B1A0A9AA4000976B9 /* PBXContainerItemProxy */ = {
			isa = PBXContainerItemProxy;
			containerPortal = B6D561291A0A9AA3000976B9 /* Project object */;
			proxyType = 1;
			remoteGlobalIDString = B6D561301A0A9AA3000976B9;
			remoteInfo = Swiftris;
		};
/* End PBXContainerItemProxy section */

/* Begin PBXFileReference section */
		B6D561311A0A9AA4000976B9 /* Swiftris.app */ = {isa = PBXFileReference; explicitFileType = wrapper.application; includeInIndex = 0; path = Swiftris.app; sourceTree = BUILT_PRODUCTS_DIR; };
		B6D561351A0A9AA4000976B9 /* Info.plist */ = {isa = PBXFileReference; lastKnownFileType = text.plist.xml; path = Info.plist; sourceTree = "<group>"; };
		B6D561361A0A9AA4000976B9 /* AppDelegate.swift */ = {isa = PBXFileReference; lastKnownFileType = sourcecode.swift; path = AppDelegate.swift; sourceTree = "<group>"; };
		B6D561381A0A9AA4000976B9 /* GameScene.sks */ = {isa = PBXFileReference; lastKnownFileType = file.sks; path = GameScene.sks; sourceTree = "<group>"; };
		B6D5613A1A0A9AA4000976B9 /* GameScene.swift */ = {isa = PBXFileReference; lastKnownFileType = sourcecode.swift; path = GameScene.swift; sourceTree = "<group>"; };
		B6D5613C1A0A9AA4000976B9 /* GameViewController.swift */ = {isa = PBXFileReference; lastKnownFileType = sourcecode.swift; path = GameViewController.swift; sourceTree = "<group>"; };
		B6D5613F1A0A9AA4000976B9 /* Base */ = {isa = PBXFileReference; lastKnownFileType = file.storyboard; name = Base; path = Base.lproj/Main.storyboard; sourceTree = "<group>"; };
		B6D561411A0A9AA4000976B9 /* Images.xcassets */ = {isa = PBXFileReference; lastKnownFileType = folder.assetcatalog; path = Images.xcassets; sourceTree = "<group>"; };
		B6D561441A0A9AA4000976B9 /* Base */ = {isa = PBXFileReference; lastKnownFileType = file.xib; name = Base; path = Base.lproj/LaunchScreen.xib; sourceTree = "<group>"; };
		B6D5614A1A0A9AA4000976B9 /* SwiftrisTests.xctest */ = {isa = PBXFileReference; explicitFileType = wrapper.cfbundle; includeInIndex = 0; path = SwiftrisTests.xctest; sourceTree = BUILT_PRODUCTS_DIR; };
		B6D5614F1A0A9AA4000976B9 /* Info.plist */ = {isa = PBXFileReference; lastKnownFileType = text.plist.xml; path = Info.plist; sourceTree = "<group>"; };
		B6D561501A0A9AA4000976B9 /* SwiftrisTests.swift */ = {isa = PBXFileReference; lastKnownFileType = sourcecode.swift; path = SwiftrisTests.swift; sourceTree = "<group>"; };
/* End PBXFileReference section */

/* Begin PBXFrameworksBuildPhase section */
		B6D5612E1A0A9AA3000976B9 /* Frameworks */ = {
			isa = PBXFrameworksBuildPhase;
			buildActionMask = 2147483647;
			files = (
			);
			runOnlyForDeploymentPostprocessing = 0;
		};
		B6D561471A0A9AA4000976B9 /* Frameworks */ = {
			isa = PBXFrameworksBuildPhase;
			buildActionMask = 2147483647;
			files = (
			);
			runOnlyForDeploymentPostprocessing = 0;
		};
/* End PBXFrameworksBuildPhase section */

/* Begin PBXGroup section */
		B6D561281A0A9AA3000976B9 = {
			isa = PBXGroup;
			children = (
				B6D561331A0A9AA4000976B9 /* Swiftris */,
				B6D5614D1A0A9AA4000976B9 /* SwiftrisTests */,
				B6D561321A0A9AA4000976B9 /* Products */,
			);
			sourceTree = "<group>";
		};
		B6D561321A0A9AA4000976B9 /* Products */ = {
			isa = PBXGroup;
			children = (
				B6D561311A0A9AA4000976B9 /* Swiftris.app */,
				B6D5614A1A0A9AA4000976B9 /* SwiftrisTests.xctest */,
			);
			name = Products;
			sourceTree = "<group>";
		};
		B6D561331A0A9AA4000976B9 /* Swiftris */ = {
			isa = PBXGroup;
			children = (
				B6D561361A0A9AA4000976B9 /* AppDelegate.swift */,
				B6D561381A0A9AA4000976B9 /* GameScene.sks */,
				B6D5613A1A0A9AA4000976B9 /* GameScene.swift */,
				B6D5613C1A0A9AA4000976B9 /* GameViewController.swift */,
				B6D5613E1A0A9AA4000976B9 /* Main.storyboard */,
				B6D561411A0A9AA4000976B9 /* Images.xcassets */,
				B6D561431A0A9AA4000976B9 /* LaunchScreen.xib */,
				B6D561341A0A9AA4000976B9 /* Supporting Files */,
			);
			path = Swiftris;
			sourceTree = "<group>";
		};
		B6D561341A0A9AA4000976B9 /* Supporting Files */ = {
			isa = PBXGroup;
			children = (
				B6D561351A0A9AA4000976B9 /* Info.plist */,
			);
			name = "Supporting Files";
			sourceTree = "<group>";
		};
		B6D5614D1A0A9AA4000976B9 /* SwiftrisTests */ = {
			isa = PBXGroup;
			children = (
				B6D561501A0A9AA4000976B9 /* SwiftrisTests.swift */,
				B6D5614E1A0A9AA4000976B9 /* Supporting Files */,
			);
			path = SwiftrisTests;
			sourceTree = "<group>";
		};
		B6D5614E1A0A9AA4000976B9 /* Supporting Files */ = {
			isa = PBXGroup;
			children = (
				B6D5614F1A0A9AA4000976B9 /* Info.plist */,
			);
			name = "Supporting Files";
			sourceTree = "<group>";
		};
/* End PBXGroup section */

/* Begin PBXNativeTarget section */
		B6D561301A0A9AA3000976B9 /* Swiftris */ = {
			isa = PBXNativeTarget;
			buildConfigurationList = B6D561541A0A9AA4000976B9 /* Build configuration list for PBXNativeTarget "Swiftris" */;
			buildPhases = (
				B6D5612D1A0A9AA3000976B9 /* Sources */,
				B6D5612E1A0A9AA3000976B9 /* Frameworks */,
				B6D5612F1A0A9AA3000976B9 /* Resources */,
			);
			buildRules = (
			);
			dependencies = (
			);
			name = Swiftris;
			productName = Swiftris;
			productReference = B6D561311A0A9AA4000976B9 /* Swiftris.app */;
			productType = "com.apple.product-type.application";
		};
		B6D561491A0A9AA4000976B9 /* SwiftrisTests */ = {
			isa = PBXNativeTarget;
			buildConfigurationList = B6D561571A0A9AA4000976B9 /* Build configuration list for PBXNativeTarget "SwiftrisTests" */;
			buildPhases = (
				B6D561461A0A9AA4000976B9 /* Sources */,
				B6D561471A0A9AA4000976B9 /* Frameworks */,
				B6D561481A0A9AA4000976B9 /* Resources */,
			);
			buildRules = (
			);
			dependencies = (
				B6D5614C1A0A9AA4000976B9 /* PBXTargetDependency */,
			);
			name = SwiftrisTests;
			productName = SwiftrisTests;
			productReference = B6D5614A1A0A9AA4000976B9 /* SwiftrisTests.xctest */;
			productType = "com.apple.product-type.bundle.unit-test";
		};
/* End PBXNativeTarget section */

/* Begin PBXProject section */
		B6D561291A0A9AA3000976B9 /* Project object */ = {
			isa = PBXProject;
			attributes = {
				LastUpgradeCheck = 0610;
				ORGANIZATIONNAME = "Guy Halperin";
				TargetAttributes = {
					B6D561301A0A9AA3000976B9 = {
						CreatedOnToolsVersion = 6.1;
					};
					B6D561491A0A9AA4000976B9 = {
						CreatedOnToolsVersion = 6.1;
						TestTargetID = B6D561301A0A9AA3000976B9;
					};
				};
			};
			buildConfigurationList = B6D5612C1A0A9AA3000976B9 /* Build configuration list for PBXProject "Swiftris" */;
			compatibilityVersion = "Xcode 3.2";
			developmentRegion = English;
			hasScannedForEncodings = 0;
			knownRegions = (
				en,
				Base,
			);
			mainGroup = B6D561281A0A9AA3000976B9;
			productRefGroup = B6D561321A0A9AA4000976B9 /* Products */;
			projectDirPath = "";
			projectRoot = "";
			targets = (
				B6D561301A0A9AA3000976B9 /* Swiftris */,
				B6D561491A0A9AA4000976B9 /* SwiftrisTests */,
			);
		};
/* End PBXProject section */

/* Begin PBXResourcesBuildPhase section */
		B6D5612F1A0A9AA3000976B9 /* Resources */ = {
			isa = PBXResourcesBuildPhase;
			buildActionMask = 2147483647;
			files = (
				B6D561451A0A9AA4000976B9 /* LaunchScreen.xib in Resources */,
				B6D561421A0A9AA4000976B9 /* Images.xcassets in Resources */,
				B6D561391A0A9AA4000976B9 /* GameScene.sks in Resources */,
				B6D561401A0A9AA4000976B9 /* Main.storyboard in Resources */,
			);
			runOnlyForDeploymentPostprocessing = 0;
		};
		B6D561481A0A9AA4000976B9 /* Resources */ = {
			isa = PBXResourcesBuildPhase;
			buildActionMask = 2147483647;
			files = (
			);
			runOnlyForDeploymentPostprocessing = 0;
		};
/* End PBXResourcesBuildPhase section */

/* Begin PBXSourcesBuildPhase section */
		B6D5612D1A0A9AA3000976B9 /* Sources */ = {
			isa = PBXSourcesBuildPhase;
			buildActionMask = 2147483647;
			files = (
				B6D5613B1A0A9AA4000976B9 /* GameScene.swift in Sources */,
				B6D5613D1A0A9AA4000976B9 /* GameViewController.swift in Sources */,
				B6D561371A0A9AA4000976B9 /* AppDelegate.swift in Sources */,
			);
			runOnlyForDeploymentPostprocessing = 0;
		};
		B6D561461A0A9AA4000976B9 /* Sources */ = {
			isa = PBXSourcesBuildPhase;
			buildActionMask = 2147483647;
			files = (
				B6D561511A0A9AA4000976B9 /* SwiftrisTests.swift in Sources */,
			);
			runOnlyForDeploymentPostprocessing = 0;
		};
/* End PBXSourcesBuildPhase section */

/* Begin PBXTargetDependency section */
		B6D5614C1A0A9AA4000976B9 /* PBXTargetDependency */ = {
			isa = PBXTargetDependency;
			target = B6D561301A0A9AA3000976B9 /* Swiftris */;
			targetProxy = B6D5614B1A0A9AA4000976B9 /* PBXContainerItemProxy */;
		};
/* End PBXTargetDependency section */

/* Begin PBXVariantGroup section */
		B6D5613E1A0A9AA4000976B9 /* Main.storyboard */ = {
			isa = PBXVariantGroup;
			children = (
				B6D5613F1A0A9AA4000976B9 /* Base */,
			);
			name = Main.storyboard;
			sourceTree = "<group>";
		};
		B6D561431A0A9AA4000976B9 /* LaunchScreen.xib */ = {
			isa = PBXVariantGroup;
			children = (
				B6D561441A0A9AA4000976B9 /* Base */,
			);
			name = LaunchScreen.xib;
			sourceTree = "<group>";
		};
/* End PBXVariantGroup section */

/* Begin XCBuildConfiguration section */
		B6D561521A0A9AA4000976B9 /* Debug */ = {
			isa = XCBuildConfiguration;
			buildSettings = {
				ALWAYS_SEARCH_USER_PATHS = NO;
				CLANG_CXX_LANGUAGE_STANDARD = "gnu++0x";
				CLANG_CXX_LIBRARY = "libc++";
				CLANG_ENABLE_MODULES = YES;
				CLANG_ENABLE_OBJC_ARC = YES;
				CLANG_WARN_BOOL_CONVERSION = YES;
				CLANG_WARN_CONSTANT_CONVERSION = YES;
				CLANG_WARN_DIRECT_OBJC_ISA_USAGE = YES_ERROR;
				CLANG_WARN_EMPTY_BODY = YES;
				CLANG_WARN_ENUM_CONVERSION = YES;
				CLANG_WARN_INT_CONVERSION = YES;
				CLANG_WARN_OBJC_ROOT_CLASS = YES_ERROR;
				CLANG_WARN_UNREACHABLE_CODE = YES;
				CLANG_WARN__DUPLICATE_METHOD_MATCH = YES;
				"CODE_SIGN_IDENTITY[sdk=iphoneos*]" = "iPhone Developer";
				COPY_PHASE_STRIP = NO;
				ENABLE_STRICT_OBJC_MSGSEND = YES;
				GCC_C_LANGUAGE_STANDARD = gnu99;
				GCC_DYNAMIC_NO_PIC = NO;
				GCC_OPTIMIZATION_LEVEL = 0;
				GCC_PREPROCESSOR_DEFINITIONS = (
					"DEBUG=1",
					"$(inherited)",
				);
				GCC_SYMBOLS_PRIVATE_EXTERN = NO;
				GCC_WARN_64_TO_32_BIT_CONVERSION = YES;
				GCC_WARN_ABOUT_RETURN_TYPE = YES_ERROR;
				GCC_WARN_UNDECLARED_SELECTOR = YES;
				GCC_WARN_UNINITIALIZED_AUTOS = YES_AGGRESSIVE;
				GCC_WARN_UNUSED_FUNCTION = YES;
				GCC_WARN_UNUSED_VARIABLE = YES;
				IPHONEOS_DEPLOYMENT_TARGET = 8.1;
				MTL_ENABLE_DEBUG_INFO = YES;
				ONLY_ACTIVE_ARCH = YES;
				SDKROOT = iphoneos;
				SWIFT_OPTIMIZATION_LEVEL = "-Onone";
			};
			name = Debug;
		};
		B6D561531A0A9AA4000976B9 /* Release */ = {
			isa = XCBuildConfiguration;
			buildSettings = {
				ALWAYS_SEARCH_USER_PATHS = NO;
				CLANG_CXX_LANGUAGE_STANDARD = "gnu++0x";
				CLANG_CXX_LIBRARY = "libc++";
				CLANG_ENABLE_MODULES = YES;
				CLANG_ENABLE_OBJC_ARC = YES;
				CLANG_WARN_BOOL_CONVERSION = YES;
				CLANG_WARN_CONSTANT_CONVERSION = YES;
				CLANG_WARN_DIRECT_OBJC_ISA_USAGE = YES_ERROR;
				CLANG_WARN_EMPTY_BODY = YES;
				CLANG_WARN_ENUM_CONVERSION = YES;
				CLANG_WARN_INT_CONVERSION = YES;
				CLANG_WARN_OBJC_ROOT_CLASS = YES_ERROR;
				CLANG_WARN_UNREACHABLE_CODE = YES;
				CLANG_WARN__DUPLICATE_METHOD_MATCH = YES;
				"CODE_SIGN_IDENTITY[sdk=iphoneos*]" = "iPhone Developer";
				COPY_PHASE_STRIP = YES;
				ENABLE_NS_ASSERTIONS = NO;
				ENABLE_STRICT_OBJC_MSGSEND = YES;
				GCC_C_LANGUAGE_STANDARD = gnu99;
				GCC_WARN_64_TO_32_BIT_CONVERSION = YES;
				GCC_WARN_ABOUT_RETURN_TYPE = YES_ERROR;
				GCC_WARN_UNDECLARED_SELECTOR = YES;
				GCC_WARN_UNINITIALIZED_AUTOS = YES_AGGRESSIVE;
				GCC_WARN_UNUSED_FUNCTION = YES;
				GCC_WARN_UNUSED_VARIABLE = YES;
				IPHONEOS_DEPLOYMENT_TARGET = 8.1;
				MTL_ENABLE_DEBUG_INFO = NO;
				SDKROOT = iphoneos;
				VALIDATE_PRODUCT = YES;
			};
			name = Release;
		};
		B6D561551A0A9AA4000976B9 /* Debug */ = {
			isa = XCBuildConfiguration;
			buildSettings = {
				ASSETCATALOG_COMPILER_APPICON_NAME = AppIcon;
				INFOPLIST_FILE = Swiftris/Info.plist;
				LD_RUNPATH_SEARCH_PATHS = "$(inherited) @executable_path/Frameworks";
				PRODUCT_NAME = "$(TARGET_NAME)";
			};
			name = Debug;
		};
		B6D561561A0A9AA4000976B9 /* Release */ = {
			isa = XCBuildConfiguration;
			buildSettings = {
				ASSETCATALOG_COMPILER_APPICON_NAME = AppIcon;
				INFOPLIST_FILE = Swiftris/Info.plist;
				LD_RUNPATH_SEARCH_PATHS = "$(inherited) @executable_path/Frameworks";
				PRODUCT_NAME = "$(TARGET_NAME)";
			};
			name = Release;
		};
		B6D561581A0A9AA4000976B9 /* Debug */ = {
			isa = XCBuildConfiguration;
			buildSettings = {
				BUNDLE_LOADER = "$(TEST_HOST)";
				FRAMEWORK_SEARCH_PATHS = (
					"$(SDKROOT)/Developer/Library/Frameworks",
					"$(inherited)",
				);
				GCC_PREPROCESSOR_DEFINITIONS = (
					"DEBUG=1",
					"$(inherited)",
				);
				INFOPLIST_FILE = SwiftrisTests/Info.plist;
				LD_RUNPATH_SEARCH_PATHS = "$(inherited) @executable_path/Frameworks @loader_path/Frameworks";
				PRODUCT_NAME = "$(TARGET_NAME)";
				TEST_HOST = "$(BUILT_PRODUCTS_DIR)/Swiftris.app/Swiftris";
			};
			name = Debug;
		};
		B6D561591A0A9AA4000976B9 /* Release */ = {
			isa = XCBuildConfiguration;
			buildSettings = {
				BUNDLE_LOADER = "$(TEST_HOST)";
				FRAMEWORK_SEARCH_PATHS = (
					"$(SDKROOT)/Developer/Library/Frameworks",
					"$(inherited)",
				);
				INFOPLIST_FILE = SwiftrisTests/Info.plist;
				LD_RUNPATH_SEARCH_PATHS = "$(inherited) @executable_path/Frameworks @loader_path/Frameworks";
				PRODUCT_NAME = "$(TARGET_NAME)";
				TEST_HOST = "$(BUILT_PRODUCTS_DIR)/Swiftris.app/Swiftris";
			};
			name = Release;
		};
/* End XCBuildConfiguration section */

/* Begin XCConfigurationList section */
		B6D5612C1A0A9AA3000976B9 /* Build configuration list for PBXProject "Swiftris" */ = {
			isa = XCConfigurationList;
			buildConfigurations = (
				B6D561521A0A9AA4000976B9 /* Debug */,
				B6D561531A0A9AA4000976B9 /* Release */,
			);
			defaultConfigurationIsVisible = 0;
			defaultConfigurationName = Release;
		};
		B6D561541A0A9AA4000976B9 /* Build configuration list for PBXNativeTarget "Swiftris" */ = {
			isa = XCConfigurationList;
			buildConfigurations = (
				B6D561551A0A9AA4000976B9 /* Debug */,
				B6D561561A0A9AA4000976B9 /* Release */,
			);
			defaultConfigurationIsVisible = 0;
		};
		B6D561571A0A9AA4000976B9 /* Build configuration list for PBXNativeTarget "SwiftrisTests" */ = {
			isa = XCConfigurationList;
			buildConfigurations = (
				B6D561581A0A9AA4000976B9 /* Debug */,
				B6D561591A0A9AA4000976B9 /* Release */,
			);
			defaultConfigurationIsVisible = 0;
		};
/* End XCConfigurationList section */
	};
	rootObject = B6D561291A0A9AA3000976B9 /* Project object */;
}
